
Microsoft Visual Studio Solution File, Format Version 12.00
# Visual Studio 14
VisualStudioVersion = 14.0.25420.1
MinimumVisualStudioVersion = 10.0.40219.1
Project("{F184B08F-C81C-45F6-A57F-5ABD9991F28F}") = "AlipMp3Player", "AlipMp3Player\AlipMp3Player.vbproj", "{FCF4F0ED-BE3F-4726-B34E-6E35CE45A69B}"
EndProject
Global
	GlobalSection(SolutionConfigurationPlatforms) = preSolution
		Debug|Any CPU = Debug|Any CPU
		Release|Any CPU = Release|Any CPU
	EndGlobalSection
	GlobalSection(ProjectConfigurationPlatforms) = postSolution
		{FCF4F0ED-BE3F-4726-B34E-6E35CE45A69B}.Debug|Any CPU.ActiveCfg = Debug|Any CPU
		{FCF4F0ED-BE3F-4726-B34E-6E35CE45A69B}.Debug|Any CPU.Build.0 = Debug|Any CPU
		{FCF4F0ED-BE3F-4726-B34E-6E35CE45A69B}.Release|Any CPU.ActiveCfg = Release|Any CPU
		{FCF4F0ED-BE3F-4726-B34E-6E35CE45A69B}.Release|Any CPU.Build.0 = Release|Any CPU
	EndGlobalSection
	GlobalSection(SolutionProperties) = preSolution
		HideSolutionNode = FALSE
	EndGlobalSection
EndGlobal
